
Microsoft Visual Studio Solution File, Format Version 12.00
# Visual Studio Version 17
VisualStudioVersion = 17.7.34024.191
MinimumVisualStudioVersion = 10.0.40219.1
Project("{FAE04EC0-301F-11D3-BF4B-00C04F79EFBC}") = "ThePianoMaster", "ThePianoMaster.csproj", "{8F7BB4D5-6C90-4EE5-AA6E-8B7D3D00F691}"
EndProject
Global
	GlobalSection(SolutionConfigurationPlatforms) = preSolution
		Debug|Any CPU = Debug|Any CPU
		Release|Any CPU = Release|Any CPU
	EndGlobalSection
	GlobalSection(ProjectConfigurationPlatforms) = postSolution
		{8F7BB4D5-6C90-4EE5-AA6E-8B7D3D00F691}.Debug|Any CPU.ActiveCfg = Debug|Any CPU
		{8F7BB4D5-6C90-4EE5-AA6E-8B7D3D00F691}.Debug|Any CPU.Build.0 = Debug|Any CPU
		{8F7BB4D5-6C90-4EE5-AA6E-8B7D3D00F691}.Release|Any CPU.ActiveCfg = Release|Any CPU
		{8F7BB4D5-6C90-4EE5-AA6E-8B7D3D00F691}.Release|Any CPU.Build.0 = Release|Any CPU
	EndGlobalSection
	GlobalSection(SolutionProperties) = preSolution
		HideSolutionNode = FALSE
	EndGlobalSection
	GlobalSection(ExtensibilityGlobals) = postSolution
		SolutionGuid = {DE669B49-5434-4177-B95B-A45574B2EBBE}
	EndGlobalSection
EndGlobal
